<?xml version="1.0" encoding="utf-8"?>
<Project ToolsVersion="4.0" xmlns="http://schemas.microsoft.com/developer/msbuild/2003">
  <ItemGroup>
    <Filter Include="소스 파일">
      <UniqueIdentifier>{4FC737F1-C7A5-4376-A066-2A32D752A2FF}</UniqueIdentifier>
      <Extensions>cpp;c;cc;cxx;c++;def;odl;idl;hpj;bat;asm;asmx</Extensions>
    </Filter>
    <Filter Include="헤더 파일">
      <UniqueIdentifier>{93995380-89BD-4b04-88EB-625FBE52EBFB}</UniqueIdentifier>
      <Extensions>h;hh;hpp;hxx;h++;hm;inl;inc;ipp;xsd</Extensions>
    </Filter>
    <Filter Include="리소스 파일">
      <UniqueIdentifier>{67DA6AB6-F800-4c08-8B7A-83BB121AAD01}</UniqueIdentifier>
      <Extensions>rc;ico;cur;bmp;dlg;rc2;rct;bin;rgs;gif;jpg;jpeg;jpe;resx;tiff;tif;png;wav;mfcribbon-ms</Extensions>
    </Filter>
  </ItemGroup>
  <ItemGroup>
    <ClCompile Include="2751-mergeSort.c">
      <Filter>소스 파일</Filter>
    </ClCompile>
    <ClCompile Include="1715-cardSorting.c">
      <Filter>소스 파일</Filter>
    </ClCompile>
    <ClCompile Include="1018-rebrushChessboard.c">
      <Filter>소스 파일</Filter>
    </ClCompile>
    <ClCompile Include="1085_shortestDistance.c">
      <Filter>소스 파일</Filter>
    </ClCompile>
    <ClCompile Include="1181-sortWords.c">
      <Filter>소스 파일</Filter>
    </ClCompile>
    <ClCompile Include="4153B3-right-angled-triangle.c">
      <Filter>소스 파일</Filter>
    </ClCompile>
    <ClCompile Include="10250B3-ACMHotel.c">
      <Filter>소스 파일</Filter>
    </ClCompile>
    <ClCompile Include="1157-wordStudying.c">
      <Filter>소스 파일</Filter>
    </ClCompile>
    <ClCompile Include="1546-average.c">
      <Filter>소스 파일</Filter>
    </ClCompile>
    <ClCompile Include="2577-numberofnumbers.c">
      <Filter>소스 파일</Filter>
    </ClCompile>
    <ClCompile Include="2675-repeatString.c">
      <Filter>소스 파일</Filter>
    </ClCompile>
    <ClCompile Include="2920-toneScale.c">
      <Filter>소스 파일</Filter>
    </ClCompile>
    <ClCompile Include="2908-constant.c">
      <Filter>소스 파일</Filter>
    </ClCompile>
    <ClCompile Include="8958-OXquiz.c">
      <Filter>소스 파일</Filter>
    </ClCompile>
    <ClCompile Include="3052-remains.c">
      <Filter>소스 파일</Filter>
    </ClCompile>
    <ClCompile Include="1152-numOfwords.c">
      <Filter>소스 파일</Filter>
    </ClCompile>
    <ClCompile Include="1874-stack.c">
      <Filter>소스 파일</Filter>
    </ClCompile>
    <ClCompile Include="18111-minecraft.c">
      <Filter>소스 파일</Filter>
    </ClCompile>
    <ClCompile Include="2805-chopTree.c">
      <Filter>소스 파일</Filter>
    </ClCompile>
    <ClCompile Include="1654S2-chopLan.c">
      <Filter>소스 파일</Filter>
    </ClCompile>
    <ClCompile Include="1929-getPrimeNum.c">
      <Filter>소스 파일</Filter>
    </ClCompile>
    <ClCompile Include="1966-printerQueue.c">
      <Filter>소스 파일</Filter>
    </ClCompile>
    <ClCompile Include="2108-statistics.c">
      <Filter>소스 파일</Filter>
    </ClCompile>
    <ClCompile Include="10845-queue.c">
      <Filter>소스 파일</Filter>
    </ClCompile>
    <ClCompile Include="2606-virus.c">
      <Filter>소스 파일</Filter>
    </ClCompile>
    <ClCompile Include="1058-friend.c">
      <Filter>소스 파일</Filter>
    </ClCompile>
    <ClCompile Include="1260-dfs_bfs.c">
      <Filter>소스 파일</Filter>
    </ClCompile>
    <ClCompile Include="2178-mazeSearch.c">
      <Filter>소스 파일</Filter>
    </ClCompile>
    <ClCompile Include="7662-dualPriorityQueue.c">
      <Filter>소스 파일</Filter>
    </ClCompile>
    <ClCompile Include="1931-allocateMeetingRoom.c">
      <Filter>소스 파일</Filter>
    </ClCompile>
    <ClCompile Include="11723-set.c">
      <Filter>소스 파일</Filter>
    </ClCompile>
    <ClCompile Include="1620-pokemon.c">
      <Filter>소스 파일</Filter>
    </ClCompile>
    <ClCompile Include="1764-noSeeNoHeard.c">
      <Filter>소스 파일</Filter>
    </ClCompile>
    <ClCompile Include="11399-atm.c">
      <Filter>소스 파일</Filter>
    </ClCompile>
    <ClCompile Include="1927-minHeap.c">
      <Filter>소스 파일</Filter>
    </ClCompile>
    <ClCompile Include="7576-tomate.c">
      <Filter>소스 파일</Filter>
    </ClCompile>
    <ClCompile Include="1697S1-hideAndSeek.c">
      <Filter>소스 파일</Filter>
    </ClCompile>
    <ClCompile Include="1074-Z.c">
      <Filter>소스 파일</Filter>
    </ClCompile>
    <ClCompile Include="18870-zipCoord.c">
      <Filter>소스 파일</Filter>
    </ClCompile>
    <ClCompile Include="11724-connectedComponents.c">
      <Filter>소스 파일</Filter>
    </ClCompile>
    <ClCompile Include="11279-maxHeap.c">
      <Filter>소스 파일</Filter>
    </ClCompile>
    <ClCompile Include="2630-colorPaper.c">
      <Filter>소스 파일</Filter>
    </ClCompile>
    <ClCompile Include="1012-organicCabbage.c">
      <Filter>소스 파일</Filter>
    </ClCompile>
    <ClCompile Include="11726-2xnTiling.c">
      <Filter>소스 파일</Filter>
    </ClCompile>
    <ClCompile Include="9095-add123.c">
      <Filter>소스 파일</Filter>
    </ClCompile>
    <ClCompile Include="1463-makeIntoOne.c">
      <Filter>소스 파일</Filter>
    </ClCompile>
    <ClCompile Include="11444-fibonacci6.c">
      <Filter>소스 파일</Filter>
    </ClCompile>
    <ClCompile Include="9663-N-Queen.c">
      <Filter>소스 파일</Filter>
    </ClCompile>
    <ClCompile Include="2407-combination.c">
      <Filter>소스 파일</Filter>
    </ClCompile>
    <ClCompile Include="11053-longestSubArray.c">
      <Filter>소스 파일</Filter>
    </ClCompile>
    <ClCompile Include="15650-NandM(2).c">
      <Filter>소스 파일</Filter>
    </ClCompile>
    <ClCompile Include="15654-NandM(5).c">
      <Filter>소스 파일</Filter>
    </ClCompile>
    <ClCompile Include="2263-traversalOnBTree.c">
      <Filter>소스 파일</Filter>
    </ClCompile>
    <ClCompile Include="1918-postfixNotation.c">
      <Filter>소스 파일</Filter>
    </ClCompile>
    <ClCompile Include="1377-bubblesort.c">
      <Filter>소스 파일</Filter>
    </ClCompile>
    <ClCompile Include="11725-searchParentOfTree.c">
      <Filter>소스 파일</Filter>
    </ClCompile>
    <ClCompile Include="1167-diameterOfTree.c">
      <Filter>소스 파일</Filter>
    </ClCompile>
    <ClCompile Include="2206-breakingWalls.c">
      <Filter>소스 파일</Filter>
    </ClCompile>
    <ClCompile Include="1753-shortestRoute.c">
      <Filter>소스 파일</Filter>
    </ClCompile>
    <ClCompile Include="1865-wormhole.c">
      <Filter>소스 파일</Filter>
    </ClCompile>
    <ClCompile Include="13549-hideAndSeek3.c">
      <Filter>소스 파일</Filter>
    </ClCompile>
    <ClCompile Include="12865-normalBackpack.c">
      <Filter>소스 파일</Filter>
    </ClCompile>
    <ClCompile Include="9251-LCS.c">
      <Filter>소스 파일</Filter>
    </ClCompile>
    <ClCompile Include="1149-RGBstreet.c">
      <Filter>소스 파일</Filter>
    </ClCompile>
    <ClCompile Include="10971-TSP2.c">
      <Filter>소스 파일</Filter>
    </ClCompile>
    <ClCompile Include="1629-product.c">
      <Filter>소스 파일</Filter>
    </ClCompile>
    <ClCompile Include="1932-integerTriangle.c">
      <Filter>소스 파일</Filter>
    </ClCompile>
    <ClCompile Include="1991-travellingInTree.c">
      <Filter>소스 파일</Filter>
    </ClCompile>
    <ClCompile Include="9465-sticker.c">
      <Filter>소스 파일</Filter>
    </ClCompile>
    <ClCompile Include="11660-prefixSum5.c">
      <Filter>소스 파일</Filter>
    </ClCompile>
    <ClCompile Include="12852-makeIntoOne2.c">
      <Filter>소스 파일</Filter>
    </ClCompile>
    <ClCompile Include="2467-liquid.c">
      <Filter>소스 파일</Filter>
    </ClCompile>
    <ClCompile Include="1806-subSum.c">
      <Filter>소스 파일</Filter>
    </ClCompile>
    <ClCompile Include="2239-sudoku.c">
      <Filter>소스 파일</Filter>
    </ClCompile>
    <ClCompile Include="9252-LCS2.c">
      <Filter>소스 파일</Filter>
    </ClCompile>
    <ClCompile Include="11404-floyd.c">
      <Filter>소스 파일</Filter>
    </ClCompile>
  </ItemGroup>
</Project>